// !$*UTF8*$!
{
	archiveVersion = 1;
	classes = {
	};
	objectVersion = 56;
	objects = {

/* Begin PBXBuildFile section */
		CEF794552A37387B00FB2D01 /* SpaceX_Launch_TrackerApp.swift in Sources */ = {isa = PBXBuildFile; fileRef = CEF794542A37387B00FB2D01 /* SpaceX_Launch_TrackerApp.swift */; };
		CEF794572A37387B00FB2D01 /* ContentView.swift in Sources */ = {isa = PBXBuildFile; fileRef = CEF794562A37387B00FB2D01 /* ContentView.swift */; };
		CEF794592A37387C00FB2D01 /* Assets.xcassets in Resources */ = {isa = PBXBuildFile; fileRef = CEF794582A37387C00FB2D01 /* Assets.xcassets */; };
		CEF7945C2A37387C00FB2D01 /* Preview Assets.xcassets in Resources */ = {isa = PBXBuildFile; fileRef = CEF7945B2A37387C00FB2D01 /* Preview Assets.xcassets */; };
		CEF794632A37392100FB2D01 /* LaunchesModel.swift in Sources */ = {isa = PBXBuildFile; fileRef = CEF794622A37392100FB2D01 /* LaunchesModel.swift */; };
		CEF794662A373B0100FB2D01 /* LaunchesViewModel.swift in Sources */ = {isa = PBXBuildFile; fileRef = CEF794652A373B0100FB2D01 /* LaunchesViewModel.swift */; };
		CEF794692A374D5000FB2D01 /* URLImage in Frameworks */ = {isa = PBXBuildFile; productRef = CEF794682A374D5000FB2D01 /* URLImage */; };
		CEF7946B2A374D5000FB2D01 /* URLImageStore in Frameworks */ = {isa = PBXBuildFile; productRef = CEF7946A2A374D5000FB2D01 /* URLImageStore */; };
		CEF7946D2A3766A500FB2D01 /* DetailView.swift in Sources */ = {isa = PBXBuildFile; fileRef = CEF7946C2A3766A500FB2D01 /* DetailView.swift */; };
		CEF794712A38409600FB2D01 /* Constants.swift in Sources */ = {isa = PBXBuildFile; fileRef = CEF794702A38409600FB2D01 /* Constants.swift */; };
/* End PBXBuildFile section */

/* Begin PBXFileReference section */
		CEF794512A37387B00FB2D01 /* SpaceX Launch Tracker.app */ = {isa = PBXFileReference; explicitFileType = wrapper.application; includeInIndex = 0; path = "SpaceX Launch Tracker.app"; sourceTree = BUILT_PRODUCTS_DIR; };
		CEF794542A37387B00FB2D01 /* SpaceX_Launch_TrackerApp.swift */ = {isa = PBXFileReference; lastKnownFileType = sourcecode.swift; path = SpaceX_Launch_TrackerApp.swift; sourceTree = "<group>"; };
		CEF794562A37387B00FB2D01 /* ContentView.swift */ = {isa = PBXFileReference; lastKnownFileType = sourcecode.swift; path = ContentView.swift; sourceTree = "<group>"; };
		CEF794582A37387C00FB2D01 /* Assets.xcassets */ = {isa = PBXFileReference; lastKnownFileType = folder.assetcatalog; path = Assets.xcassets; sourceTree = "<group>"; };
		CEF7945B2A37387C00FB2D01 /* Preview Assets.xcassets */ = {isa = PBXFileReference; lastKnownFileType = folder.assetcatalog; path = "Preview Assets.xcassets"; sourceTree = "<group>"; };
		CEF794622A37392100FB2D01 /* LaunchesModel.swift */ = {isa = PBXFileReference; lastKnownFileType = sourcecode.swift; path = LaunchesModel.swift; sourceTree = "<group>"; };
		CEF794652A373B0100FB2D01 /* LaunchesViewModel.swift */ = {isa = PBXFileReference; lastKnownFileType = sourcecode.swift; path = LaunchesViewModel.swift; sourceTree = "<group>"; };
		CEF7946C2A3766A500FB2D01 /* DetailView.swift */ = {isa = PBXFileReference; lastKnownFileType = sourcecode.swift; path = DetailView.swift; sourceTree = "<group>"; };
		CEF794702A38409600FB2D01 /* Constants.swift */ = {isa = PBXFileReference; lastKnownFileType = sourcecode.swift; path = Constants.swift; sourceTree = "<group>"; };
		CEF794722A388DE700FB2D01 /* SpaceX-Launch-Tracker-Info.plist */ = {isa = PBXFileReference; lastKnownFileType = text.plist; path = "SpaceX-Launch-Tracker-Info.plist"; sourceTree = SOURCE_ROOT; };
/* End PBXFileReference section */

/* Begin PBXFrameworksBuildPhase section */
		CEF7944E2A37387B00FB2D01 /* Frameworks */ = {
			isa = PBXFrameworksBuildPhase;
			buildActionMask = 2147483647;
			files = (
				CEF7946B2A374D5000FB2D01 /* URLImageStore in Frameworks */,
				CEF794692A374D5000FB2D01 /* URLImage in Frameworks */,
			);
			runOnlyForDeploymentPostprocessing = 0;
		};
/* End PBXFrameworksBuildPhase section */

/* Begin PBXGroup section */
		CEF794482A37387B00FB2D01 = {
			isa = PBXGroup;
			children = (
				CEF794532A37387B00FB2D01 /* SpaceX Launch Tracker */,
				CEF794522A37387B00FB2D01 /* Products */,
			);
			sourceTree = "<group>";
		};
		CEF794522A37387B00FB2D01 /* Products */ = {
			isa = PBXGroup;
			children = (
				CEF794512A37387B00FB2D01 /* SpaceX Launch Tracker.app */,
			);
			name = Products;
			sourceTree = "<group>";
		};
		CEF794532A37387B00FB2D01 /* SpaceX Launch Tracker */ = {
			isa = PBXGroup;
			children = (
				CEF794722A388DE700FB2D01 /* SpaceX-Launch-Tracker-Info.plist */,
				CEF794542A37387B00FB2D01 /* SpaceX_Launch_TrackerApp.swift */,
				CEF794642A37392500FB2D01 /* Model */,
				CEF7946E2A383FEA00FB2D01 /* View */,
				CEF7946F2A38400200FB2D01 /* ViewModel */,
				CEF794582A37387C00FB2D01 /* Assets.xcassets */,
				CEF7945A2A37387C00FB2D01 /* Preview Content */,
				CEF794702A38409600FB2D01 /* Constants.swift */,
			);
			path = "SpaceX Launch Tracker";
			sourceTree = "<group>";
		};
		CEF7945A2A37387C00FB2D01 /* Preview Content */ = {
			isa = PBXGroup;
			children = (
				CEF7945B2A37387C00FB2D01 /* Preview Assets.xcassets */,
			);
			path = "Preview Content";
			sourceTree = "<group>";
		};
		CEF794642A37392500FB2D01 /* Model */ = {
			isa = PBXGroup;
			children = (
				CEF794622A37392100FB2D01 /* LaunchesModel.swift */,
			);
			path = Model;
			sourceTree = "<group>";
		};
		CEF7946E2A383FEA00FB2D01 /* View */ = {
			isa = PBXGroup;
			children = (
				CEF7946C2A3766A500FB2D01 /* DetailView.swift */,
				CEF794562A37387B00FB2D01 /* ContentView.swift */,
			);
			path = View;
			sourceTree = "<group>";
		};
		CEF7946F2A38400200FB2D01 /* ViewModel */ = {
			isa = PBXGroup;
			children = (
				CEF794652A373B0100FB2D01 /* LaunchesViewModel.swift */,
			);
			path = ViewModel;
			sourceTree = "<group>";
		};
/* End PBXGroup section */

/* Begin PBXNativeTarget section */
		CEF794502A37387B00FB2D01 /* SpaceX Launch Tracker */ = {
			isa = PBXNativeTarget;
			buildConfigurationList = CEF7945F2A37387C00FB2D01 /* Build configuration list for PBXNativeTarget "SpaceX Launch Tracker" */;
			buildPhases = (
				CEF7944D2A37387B00FB2D01 /* Sources */,
				CEF7944E2A37387B00FB2D01 /* Frameworks */,
				CEF7944F2A37387B00FB2D01 /* Resources */,
			);
			buildRules = (
			);
			dependencies = (
			);
			name = "SpaceX Launch Tracker";
			packageProductDependencies = (
				CEF794682A374D5000FB2D01 /* URLImage */,
				CEF7946A2A374D5000FB2D01 /* URLImageStore */,
			);
			productName = "SpaceX Launch Tracker";
			productReference = CEF794512A37387B00FB2D01 /* SpaceX Launch Tracker.app */;
			productType = "com.apple.product-type.application";
		};
/* End PBXNativeTarget section */

/* Begin PBXProject section */
		CEF794492A37387B00FB2D01 /* Project object */ = {
			isa = PBXProject;
			attributes = {
				BuildIndependentTargetsInParallel = 1;
				LastSwiftUpdateCheck = 1430;
				LastUpgradeCheck = 1430;
				TargetAttributes = {
					CEF794502A37387B00FB2D01 = {
						CreatedOnToolsVersion = 14.3;
					};
				};
			};
			buildConfigurationList = CEF7944C2A37387B00FB2D01 /* Build configuration list for PBXProject "SpaceX Launch Tracker" */;
			compatibilityVersion = "Xcode 14.0";
			developmentRegion = en;
			hasScannedForEncodings = 0;
			knownRegions = (
				en,
				Base,
			);
			mainGroup = CEF794482A37387B00FB2D01;
			packageReferences = (
				CEF794672A374D5000FB2D01 /* XCRemoteSwiftPackageReference "url-image" */,
			);
			productRefGroup = CEF794522A37387B00FB2D01 /* Products */;
			projectDirPath = "";
			projectRoot = "";
			targets = (
				CEF794502A37387B00FB2D01 /* SpaceX Launch Tracker */,
			);
		};
/* End PBXProject section */

/* Begin PBXResourcesBuildPhase section */
		CEF7944F2A37387B00FB2D01 /* Resources */ = {
			isa = PBXResourcesBuildPhase;
			buildActionMask = 2147483647;
			files = (
				CEF7945C2A37387C00FB2D01 /* Preview Assets.xcassets in Resources */,
				CEF794592A37387C00FB2D01 /* Assets.xcassets in Resources */,
			);
			runOnlyForDeploymentPostprocessing = 0;
		};
/* End PBXResourcesBuildPhase section */

/* Begin PBXSourcesBuildPhase section */
		CEF7944D2A37387B00FB2D01 /* Sources */ = {
			isa = PBXSourcesBuildPhase;
			buildActionMask = 2147483647;
			files = (
				CEF794572A37387B00FB2D01 /* ContentView.swift in Sources */,
				CEF794662A373B0100FB2D01 /* LaunchesViewModel.swift in Sources */,
				CEF794552A37387B00FB2D01 /* SpaceX_Launch_TrackerApp.swift in Sources */,
				CEF7946D2A3766A500FB2D01 /* DetailView.swift in Sources */,
				CEF794632A37392100FB2D01 /* LaunchesModel.swift in Sources */,
				CEF794712A38409600FB2D01 /* Constants.swift in Sources */,
			);
			runOnlyForDeploymentPostprocessing = 0;
		};
/* End PBXSourcesBuildPhase section */

/* Begin XCBuildConfiguration section */
		CEF7945D2A37387C00FB2D01 /* Debug */ = {
			isa = XCBuildConfiguration;
			buildSettings = {
				ALWAYS_SEARCH_USER_PATHS = NO;
				CLANG_ANALYZER_NONNULL = YES;
				CLANG_ANALYZER_NUMBER_OBJECT_CONVERSION = YES_AGGRESSIVE;
				CLANG_CXX_LANGUAGE_STANDARD = "gnu++20";
				CLANG_ENABLE_MODULES = YES;
				CLANG_ENABLE_OBJC_ARC = YES;
				CLANG_ENABLE_OBJC_WEAK = YES;
				CLANG_WARN_BLOCK_CAPTURE_AUTORELEASING = YES;
				CLANG_WARN_BOOL_CONVERSION = YES;
				CLANG_WARN_COMMA = YES;
				CLANG_WARN_CONSTANT_CONVERSION = YES;
				CLANG_WARN_DEPRECATED_OBJC_IMPLEMENTATIONS = YES;
				CLANG_WARN_DIRECT_OBJC_ISA_USAGE = YES_ERROR;
				CLANG_WARN_DOCUMENTATION_COMMENTS = YES;
				CLANG_WARN_EMPTY_BODY = YES;
				CLANG_WARN_ENUM_CONVERSION = YES;
				CLANG_WARN_INFINITE_RECURSION = YES;
				CLANG_WARN_INT_CONVERSION = YES;
				CLANG_WARN_NON_LITERAL_NULL_CONVERSION = YES;
				CLANG_WARN_OBJC_IMPLICIT_RETAIN_SELF = YES;
				CLANG_WARN_OBJC_LITERAL_CONVERSION = YES;
				CLANG_WARN_OBJC_ROOT_CLASS = YES_ERROR;
				CLANG_WARN_QUOTED_INCLUDE_IN_FRAMEWORK_HEADER = YES;
				CLANG_WARN_RANGE_LOOP_ANALYSIS = YES;
				CLANG_WARN_STRICT_PROTOTYPES = YES;
				CLANG_WARN_SUSPICIOUS_MOVE = YES;
				CLANG_WARN_UNGUARDED_AVAILABILITY = YES_AGGRESSIVE;
				CLANG_WARN_UNREACHABLE_CODE = YES;
				CLANG_WARN__DUPLICATE_METHOD_MATCH = YES;
				COPY_PHASE_STRIP = NO;
				DEBUG_INFORMATION_FORMAT = dwarf;
				ENABLE_STRICT_OBJC_MSGSEND = YES;
				ENABLE_TESTABILITY = YES;
				GCC_C_LANGUAGE_STANDARD = gnu11;
				GCC_DYNAMIC_NO_PIC = NO;
				GCC_NO_COMMON_BLOCKS = YES;
				GCC_OPTIMIZATION_LEVEL = 0;
				GCC_PREPROCESSOR_DEFINITIONS = (
					"DEBUG=1",
					"$(inherited)",
				);
				GCC_WARN_64_TO_32_BIT_CONVERSION = YES;
				GCC_WARN_ABOUT_RETURN_TYPE = YES_ERROR;
				GCC_WARN_UNDECLARED_SELECTOR = YES;
				GCC_WARN_UNINITIALIZED_AUTOS = YES_AGGRESSIVE;
				GCC_WARN_UNUSED_FUNCTION = YES;
				GCC_WARN_UNUSED_VARIABLE = YES;
				IPHONEOS_DEPLOYMENT_TARGET = 16.4;
				MTL_ENABLE_DEBUG_INFO = INCLUDE_SOURCE;
				MTL_FAST_MATH = YES;
				ONLY_ACTIVE_ARCH = YES;
				SDKROOT = iphoneos;
				SWIFT_ACTIVE_COMPILATION_CONDITIONS = DEBUG;
				SWIFT_OPTIMIZATION_LEVEL = "-Onone";
			};
			name = Debug;
		};
		CEF7945E2A37387C00FB2D01 /* Release */ = {
			isa = XCBuildConfiguration;
			buildSettings = {
				ALWAYS_SEARCH_USER_PATHS = NO;
				CLANG_ANALYZER_NONNULL = YES;
				CLANG_ANALYZER_NUMBER_OBJECT_CONVERSION = YES_AGGRESSIVE;
				CLANG_CXX_LANGUAGE_STANDARD = "gnu++20";
				CLANG_ENABLE_MODULES = YES;
				CLANG_ENABLE_OBJC_ARC = YES;
				CLANG_ENABLE_OBJC_WEAK = YES;
				CLANG_WARN_BLOCK_CAPTURE_AUTORELEASING = YES;
				CLANG_WARN_BOOL_CONVERSION = YES;
				CLANG_WARN_COMMA = YES;
				CLANG_WARN_CONSTANT_CONVERSION = YES;
				CLANG_WARN_DEPRECATED_OBJC_IMPLEMENTATIONS = YES;
				CLANG_WARN_DIRECT_OBJC_ISA_USAGE = YES_ERROR;
				CLANG_WARN_DOCUMENTATION_COMMENTS = YES;
				CLANG_WARN_EMPTY_BODY = YES;
				CLANG_WARN_ENUM_CONVERSION = YES;
				CLANG_WARN_INFINITE_RECURSION = YES;
				CLANG_WARN_INT_CONVERSION = YES;
				CLANG_WARN_NON_LITERAL_NULL_CONVERSION = YES;
				CLANG_WARN_OBJC_IMPLICIT_RETAIN_SELF = YES;
				CLANG_WARN_OBJC_LITERAL_CONVERSION = YES;
				CLANG_WARN_OBJC_ROOT_CLASS = YES_ERROR;
				CLANG_WARN_QUOTED_INCLUDE_IN_FRAMEWORK_HEADER = YES;
				CLANG_WARN_RANGE_LOOP_ANALYSIS = YES;
				CLANG_WARN_STRICT_PROTOTYPES = YES;
				CLANG_WARN_SUSPICIOUS_MOVE = YES;
				CLANG_WARN_UNGUARDED_AVAILABILITY = YES_AGGRESSIVE;
				CLANG_WARN_UNREACHABLE_CODE = YES;
				CLANG_WARN__DUPLICATE_METHOD_MATCH = YES;
				COPY_PHASE_STRIP = NO;
				DEBUG_INFORMATION_FORMAT = "dwarf-with-dsym";
				ENABLE_NS_ASSERTIONS = NO;
				ENABLE_STRICT_OBJC_MSGSEND = YES;
				GCC_C_LANGUAGE_STANDARD = gnu11;
				GCC_NO_COMMON_BLOCKS = YES;
				GCC_WARN_64_TO_32_BIT_CONVERSION = YES;
				GCC_WARN_ABOUT_RETURN_TYPE = YES_ERROR;
				GCC_WARN_UNDECLARED_SELECTOR = YES;
				GCC_WARN_UNINITIALIZED_AUTOS = YES_AGGRESSIVE;
				GCC_WARN_UNUSED_FUNCTION = YES;
				GCC_WARN_UNUSED_VARIABLE = YES;
				IPHONEOS_DEPLOYMENT_TARGET = 16.4;
				MTL_ENABLE_DEBUG_INFO = NO;
				MTL_FAST_MATH = YES;
				SDKROOT = iphoneos;
				SWIFT_COMPILATION_MODE = wholemodule;
				SWIFT_OPTIMIZATION_LEVEL = "-O";
				VALIDATE_PRODUCT = YES;
			};
			name = Release;
		};
		CEF794602A37387C00FB2D01 /* Debug */ = {
			isa = XCBuildConfiguration;
			buildSettings = {
				ASSETCATALOG_COMPILER_APPICON_NAME = AppIcon;
				ASSETCATALOG_COMPILER_GLOBAL_ACCENT_COLOR_NAME = AccentColor;
				CODE_SIGN_STYLE = Automatic;
				CURRENT_PROJECT_VERSION = 1;
				DEVELOPMENT_ASSET_PATHS = "\"SpaceX Launch Tracker/Preview Content\"";
				DEVELOPMENT_TEAM = MNF9B6AHXC;
				ENABLE_PREVIEWS = YES;
				GENERATE_INFOPLIST_FILE = YES;
				INFOPLIST_FILE = "SpaceX-Launch-Tracker-Info.plist";
				INFOPLIST_KEY_UIApplicationSceneManifest_Generation = YES;
				INFOPLIST_KEY_UIApplicationSupportsIndirectInputEvents = YES;
				INFOPLIST_KEY_UILaunchScreen_Generation = YES;
				INFOPLIST_KEY_UISupportedInterfaceOrientations_iPad = "UIInterfaceOrientationPortrait UIInterfaceOrientationPortraitUpsideDown UIInterfaceOrientationLandscapeLeft UIInterfaceOrientationLandscapeRight";
				INFOPLIST_KEY_UISupportedInterfaceOrientations_iPhone = "UIInterfaceOrientationPortrait UIInterfaceOrientationLandscapeLeft UIInterfaceOrientationLandscapeRight";
				LD_RUNPATH_SEARCH_PATHS = (
					"$(inherited)",
					"@executable_path/Frameworks",
				);
				MARKETING_VERSION = 1.0;
				PRODUCT_BUNDLE_IDENTIFIER = "com.berkaysimsek.SpaceX-Launch-Tracker";
				PRODUCT_NAME = "$(TARGET_NAME)";
				SWIFT_EMIT_LOC_STRINGS = YES;
				SWIFT_VERSION = 5.0;
				TARGETED_DEVICE_FAMILY = "1,2";
			};
			name = Debug;
		};
		CEF794612A37387C00FB2D01 /* Release */ = {
			isa = XCBuildConfiguration;
			buildSettings = {
				ASSETCATALOG_COMPILER_APPICON_NAME = AppIcon;
				ASSETCATALOG_COMPILER_GLOBAL_ACCENT_COLOR_NAME = AccentColor;
				CODE_SIGN_STYLE = Automatic;
				CURRENT_PROJECT_VERSION = 1;
				DEVELOPMENT_ASSET_PATHS = "\"SpaceX Launch Tracker/Preview Content\"";
				DEVELOPMENT_TEAM = MNF9B6AHXC;
				ENABLE_PREVIEWS = YES;
				GENERATE_INFOPLIST_FILE = YES;
				INFOPLIST_FILE = "SpaceX-Launch-Tracker-Info.plist";
				INFOPLIST_KEY_UIApplicationSceneManifest_Generation = YES;
				INFOPLIST_KEY_UIApplicationSupportsIndirectInputEvents = YES;
				INFOPLIST_KEY_UILaunchScreen_Generation = YES;
				INFOPLIST_KEY_UISupportedInterfaceOrientations_iPad = "UIInterfaceOrientationPortrait UIInterfaceOrientationPortraitUpsideDown UIInterfaceOrientationLandscapeLeft UIInterfaceOrientationLandscapeRight";
				INFOPLIST_KEY_UISupportedInterfaceOrientations_iPhone = "UIInterfaceOrientationPortrait UIInterfaceOrientationLandscapeLeft UIInterfaceOrientationLandscapeRight";
				LD_RUNPATH_SEARCH_PATHS = (
					"$(inherited)",
					"@executable_path/Frameworks",
				);
				MARKETING_VERSION = 1.0;
				PRODUCT_BUNDLE_IDENTIFIER = "com.berkaysimsek.SpaceX-Launch-Tracker";
				PRODUCT_NAME = "$(TARGET_NAME)";
				SWIFT_EMIT_LOC_STRINGS = YES;
				SWIFT_VERSION = 5.0;
				TARGETED_DEVICE_FAMILY = "1,2";
			};
			name = Release;
		};
/* End XCBuildConfiguration section */

/* Begin XCConfigurationList section */
		CEF7944C2A37387B00FB2D01 /* Build configuration list for PBXProject "SpaceX Launch Tracker" */ = {
			isa = XCConfigurationList;
			buildConfigurations = (
				CEF7945D2A37387C00FB2D01 /* Debug */,
				CEF7945E2A37387C00FB2D01 /* Release */,
			);
			defaultConfigurationIsVisible = 0;
			defaultConfigurationName = Release;
		};
		CEF7945F2A37387C00FB2D01 /* Build configuration list for PBXNativeTarget "SpaceX Launch Tracker" */ = {
			isa = XCConfigurationList;
			buildConfigurations = (
				CEF794602A37387C00FB2D01 /* Debug */,
				CEF794612A37387C00FB2D01 /* Release */,
			);
			defaultConfigurationIsVisible = 0;
			defaultConfigurationName = Release;
		};
/* End XCConfigurationList section */

/* Begin XCRemoteSwiftPackageReference section */
		CEF794672A374D5000FB2D01 /* XCRemoteSwiftPackageReference "url-image" */ = {
			isa = XCRemoteSwiftPackageReference;
			repositoryURL = "https://github.com/dmytro-anokhin/url-image";
			requirement = {
				kind = upToNextMajorVersion;
				minimumVersion = 3.0.0;
			};
		};
/* End XCRemoteSwiftPackageReference section */

/* Begin XCSwiftPackageProductDependency section */
		CEF794682A374D5000FB2D01 /* URLImage */ = {
			isa = XCSwiftPackageProductDependency;
			package = CEF794672A374D5000FB2D01 /* XCRemoteSwiftPackageReference "url-image" */;
			productName = URLImage;
		};
		CEF7946A2A374D5000FB2D01 /* URLImageStore */ = {
			isa = XCSwiftPackageProductDependency;
			package = CEF794672A374D5000FB2D01 /* XCRemoteSwiftPackageReference "url-image" */;
			productName = URLImageStore;
		};
/* End XCSwiftPackageProductDependency section */
	};
	rootObject = CEF794492A37387B00FB2D01 /* Project object */;
}
